{
  "name": "snowball",
  "version": "1.0.0",
  "lockfileVersion": 1,
  "requires": true,
  "dependencies": {
    "rangeslider.js": {
      "version": "2.3.2",
      "resolved": "https://registry.npmjs.org/rangeslider.js/-/rangeslider.js-2.3.2.tgz",
      "integrity": "sha512-ghYGdrOiS0/Btz1jel03TCucgeW1pqPKI0RVG7neYw3ZeOgOVrNgx2p4V2FVIkKGiLfJRuqlqkIC/Eq/5ARmoQ==",
      "requires": {
        "jquery": "3.3.1"
      },
      "dependencies": {
        "jquery": {
          "version": "3.3.1",
          "resolved": "https://registry.npmjs.org/jquery/-/jquery-3.3.1.tgz",
          "integrity": "sha512-Ubldcmxp5np52/ENotGxlLe6aGMvmF4R8S6tZjsP6Knsaxd/xp3Zrh50cG93lR6nPXyUFwzN3ZSOQI0wRJNdGg=="
        }
      }
    }
  }
}
